
Microsoft Visual Studio Solution File, Format Version 12.00
# Visual Studio Version 16
VisualStudioVersion = 16.0.31205.134
MinimumVisualStudioVersion = 10.0.40219.1
Project("{2150E333-8FDC-42A3-9474-1A3956D46DE8}") = "1 - Apresentacao", "1 - Apresentacao", "{D2A55D0A-EF3A-469F-9A9B-B77E91B6930C}"
EndProject
Project("{2150E333-8FDC-42A3-9474-1A3956D46DE8}") = "2 - Servico", "2 - Servico", "{0469A4DC-891F-4F6F-8B00-87DA89A4E173}"
EndProject
Project("{2150E333-8FDC-42A3-9474-1A3956D46DE8}") = "3 - Aplicacao", "3 - Aplicacao", "{A9D263DB-09CE-44B4-B3E5-1E63572F4815}"
EndProject
Project("{2150E333-8FDC-42A3-9474-1A3956D46DE8}") = "4 - Negocio", "4 - Negocio", "{E8411EE9-D053-4EFC-9876-BF85605836D3}"
EndProject
Project("{2150E333-8FDC-42A3-9474-1A3956D46DE8}") = "5 - Infra", "5 - Infra", "{D6B3507F-CD98-4562-9A20-E245BD3C28AD}"
EndProject
Project("{2150E333-8FDC-42A3-9474-1A3956D46DE8}") = "5.1 - Dados", "5.1 - Dados", "{3F9A3F2F-08DA-4AF8-9776-E6355FF6AF82}"
EndProject
Project("{2150E333-8FDC-42A3-9474-1A3956D46DE8}") = "5.2 - CrossCutting", "5.2 - CrossCutting", "{C765EB97-D920-4FD4-AAE2-6D02C75AEE3B}"
EndProject
Project("{FAE04EC0-301F-11D3-BF4B-00C04F79EFBC}") = "Eventos.IO.Negocio", "Eventos.IO.Domain\Eventos.IO.Negocio.csproj", "{1FC5B28B-6D6D-4928-9C2D-03A2F54B8085}"
EndProject
Project("{FAE04EC0-301F-11D3-BF4B-00C04F79EFBC}") = "Eventos.IO.Negocio.Core", "Eventos.IO.Negocio.Core\Eventos.IO.Negocio.Core.csproj", "{92BE2D8D-6B8B-4B2D-99A7-ED662F31216B}"
EndProject
Global
	GlobalSection(SolutionConfigurationPlatforms) = preSolution
		Debug|Any CPU = Debug|Any CPU
		Release|Any CPU = Release|Any CPU
	EndGlobalSection
	GlobalSection(ProjectConfigurationPlatforms) = postSolution
		{1FC5B28B-6D6D-4928-9C2D-03A2F54B8085}.Debug|Any CPU.ActiveCfg = Debug|Any CPU
		{1FC5B28B-6D6D-4928-9C2D-03A2F54B8085}.Debug|Any CPU.Build.0 = Debug|Any CPU
		{1FC5B28B-6D6D-4928-9C2D-03A2F54B8085}.Release|Any CPU.ActiveCfg = Release|Any CPU
		{1FC5B28B-6D6D-4928-9C2D-03A2F54B8085}.Release|Any CPU.Build.0 = Release|Any CPU
		{92BE2D8D-6B8B-4B2D-99A7-ED662F31216B}.Debug|Any CPU.ActiveCfg = Debug|Any CPU
		{92BE2D8D-6B8B-4B2D-99A7-ED662F31216B}.Debug|Any CPU.Build.0 = Debug|Any CPU
		{92BE2D8D-6B8B-4B2D-99A7-ED662F31216B}.Release|Any CPU.ActiveCfg = Release|Any CPU
		{92BE2D8D-6B8B-4B2D-99A7-ED662F31216B}.Release|Any CPU.Build.0 = Release|Any CPU
	EndGlobalSection
	GlobalSection(SolutionProperties) = preSolution
		HideSolutionNode = FALSE
	EndGlobalSection
	GlobalSection(NestedProjects) = preSolution
		{3F9A3F2F-08DA-4AF8-9776-E6355FF6AF82} = {D6B3507F-CD98-4562-9A20-E245BD3C28AD}
		{C765EB97-D920-4FD4-AAE2-6D02C75AEE3B} = {D6B3507F-CD98-4562-9A20-E245BD3C28AD}
		{1FC5B28B-6D6D-4928-9C2D-03A2F54B8085} = {E8411EE9-D053-4EFC-9876-BF85605836D3}
		{92BE2D8D-6B8B-4B2D-99A7-ED662F31216B} = {E8411EE9-D053-4EFC-9876-BF85605836D3}
	EndGlobalSection
	GlobalSection(ExtensibilityGlobals) = postSolution
		SolutionGuid = {EF231433-9475-407B-8E07-F7051C763A6C}
	EndGlobalSection
EndGlobal
